
Microsoft Visual Studio Solution File, Format Version 12.00
# Visual Studio Version 17
VisualStudioVersion = 17.0.32014.148
MinimumVisualStudioVersion = 10.0.40219.1
Project("{FAE04EC0-301F-11D3-BF4B-00C04F79EFBC}") = "Github2Telegram", "Github2Telegram\Github2Telegram.csproj", "{DBA5AB9A-265A-43D1-A26E-5318688EAFC2}"
EndProject
Global
	GlobalSection(SolutionConfigurationPlatforms) = preSolution
		Debug|Any CPU = Debug|Any CPU
		Release|Any CPU = Release|Any CPU
	EndGlobalSection
	GlobalSection(ProjectConfigurationPlatforms) = postSolution
		{DBA5AB9A-265A-43D1-A26E-5318688EAFC2}.Debug|Any CPU.ActiveCfg = Debug|Any CPU
		{DBA5AB9A-265A-43D1-A26E-5318688EAFC2}.Debug|Any CPU.Build.0 = Debug|Any CPU
		{DBA5AB9A-265A-43D1-A26E-5318688EAFC2}.Release|Any CPU.ActiveCfg = Release|Any CPU
		{DBA5AB9A-265A-43D1-A26E-5318688EAFC2}.Release|Any CPU.Build.0 = Release|Any CPU
	EndGlobalSection
	GlobalSection(SolutionProperties) = preSolution
		HideSolutionNode = FALSE
	EndGlobalSection
	GlobalSection(ExtensibilityGlobals) = postSolution
		SolutionGuid = {E0184C42-3501-4F1F-9092-239AA802B658}
	EndGlobalSection
EndGlobal
